// !$*UTF8*$!
{
	archiveVersion = 1;
	classes = {
	};
	objectVersion = 46;
	objects = {

/* Begin PBXBuildFile section */
		EF04D1C1187E0B4C000C1D68 /* Foundation.framework in Frameworks */ = {isa = PBXBuildFile; fileRef = EF04D1C0187E0B4C000C1D68 /* Foundation.framework */; };
		EF04D1C3187E0B4C000C1D68 /* CoreGraphics.framework in Frameworks */ = {isa = PBXBuildFile; fileRef = EF04D1C2187E0B4C000C1D68 /* CoreGraphics.framework */; };
		EF04D1C5187E0B4C000C1D68 /* UIKit.framework in Frameworks */ = {isa = PBXBuildFile; fileRef = EF04D1C4187E0B4C000C1D68 /* UIKit.framework */; };
		EF04D1CB187E0B4C000C1D68 /* InfoPlist.strings in Resources */ = {isa = PBXBuildFile; fileRef = EF04D1C9187E0B4C000C1D68 /* InfoPlist.strings */; };
		EF04D1CD187E0B4C000C1D68 /* main.m in Sources */ = {isa = PBXBuildFile; fileRef = EF04D1CC187E0B4C000C1D68 /* main.m */; };
		EF04D1D1187E0B4C000C1D68 /* MTAppDelegate.m in Sources */ = {isa = PBXBuildFile; fileRef = EF04D1D0187E0B4C000C1D68 /* MTAppDelegate.m */; };
		EF04D1D4187E0B4C000C1D68 /* Main.storyboard in Resources */ = {isa = PBXBuildFile; fileRef = EF04D1D2187E0B4C000C1D68 /* Main.storyboard */; };
		EF04D1D7187E0B4C000C1D68 /* MTViewController.m in Sources */ = {isa = PBXBuildFile; fileRef = EF04D1D6187E0B4C000C1D68 /* MTViewController.m */; };
		EF04D1D9187E0B4C000C1D68 /* Images.xcassets in Resources */ = {isa = PBXBuildFile; fileRef = EF04D1D8187E0B4C000C1D68 /* Images.xcassets */; };
		EF04D1E0187E0B4C000C1D68 /* XCTest.framework in Frameworks */ = {isa = PBXBuildFile; fileRef = EF04D1DF187E0B4C000C1D68 /* XCTest.framework */; };
		EF04D1E1187E0B4C000C1D68 /* Foundation.framework in Frameworks */ = {isa = PBXBuildFile; fileRef = EF04D1C0187E0B4C000C1D68 /* Foundation.framework */; };
		EF04D1E2187E0B4C000C1D68 /* UIKit.framework in Frameworks */ = {isa = PBXBuildFile; fileRef = EF04D1C4187E0B4C000C1D68 /* UIKit.framework */; };
		EF04D1EA187E0B4C000C1D68 /* InfoPlist.strings in Resources */ = {isa = PBXBuildFile; fileRef = EF04D1E8187E0B4C000C1D68 /* InfoPlist.strings */; };
		EF04D1EC187E0B4C000C1D68 /* Morse_TorchTests.m in Sources */ = {isa = PBXBuildFile; fileRef = EF04D1EB187E0B4C000C1D68 /* Morse_TorchTests.m */; };
		EF04D1F7187E0CCB000C1D68 /* NSString+MorseCode.m in Sources */ = {isa = PBXBuildFile; fileRef = EF04D1F6187E0CCB000C1D68 /* NSString+MorseCode.m */; };
		EF04D1FA187E172C000C1D68 /* MTTorchController.m in Sources */ = {isa = PBXBuildFile; fileRef = EF04D1F9187E172C000C1D68 /* MTTorchController.m */; };
		EF04D1FC187E1735000C1D68 /* AVFoundation.framework in Frameworks */ = {isa = PBXBuildFile; fileRef = EF04D1FB187E1735000C1D68 /* AVFoundation.framework */; };
/* End PBXBuildFile section */

/* Begin PBXContainerItemProxy section */
		EF04D1E3187E0B4C000C1D68 /* PBXContainerItemProxy */ = {
			isa = PBXContainerItemProxy;
			containerPortal = EF04D1B5187E0B4B000C1D68 /* Project object */;
			proxyType = 1;
			remoteGlobalIDString = EF04D1BC187E0B4B000C1D68;
			remoteInfo = "Morse Torch";
		};
/* End PBXContainerItemProxy section */

/* Begin PBXFileReference section */
		EF04D1BD187E0B4C000C1D68 /* Morse Torch.app */ = {isa = PBXFileReference; explicitFileType = wrapper.application; includeInIndex = 0; path = "Morse Torch.app"; sourceTree = BUILT_PRODUCTS_DIR; };
		EF04D1C0187E0B4C000C1D68 /* Foundation.framework */ = {isa = PBXFileReference; lastKnownFileType = wrapper.framework; name = Foundation.framework; path = System/Library/Frameworks/Foundation.framework; sourceTree = SDKROOT; };
		EF04D1C2187E0B4C000C1D68 /* CoreGraphics.framework */ = {isa = PBXFileReference; lastKnownFileType = wrapper.framework; name = CoreGraphics.framework; path = System/Library/Frameworks/CoreGraphics.framework; sourceTree = SDKROOT; };
		EF04D1C4187E0B4C000C1D68 /* UIKit.framework */ = {isa = PBXFileReference; lastKnownFileType = wrapper.framework; name = UIKit.framework; path = System/Library/Frameworks/UIKit.framework; sourceTree = SDKROOT; };
		EF04D1C8187E0B4C000C1D68 /* Morse Torch-Info.plist */ = {isa = PBXFileReference; lastKnownFileType = text.plist.xml; path = "Morse Torch-Info.plist"; sourceTree = "<group>"; };
		EF04D1CA187E0B4C000C1D68 /* en */ = {isa = PBXFileReference; lastKnownFileType = text.plist.strings; name = en; path = en.lproj/InfoPlist.strings; sourceTree = "<group>"; };
		EF04D1CC187E0B4C000C1D68 /* main.m */ = {isa = PBXFileReference; lastKnownFileType = sourcecode.c.objc; path = main.m; sourceTree = "<group>"; };
		EF04D1CE187E0B4C000C1D68 /* Morse Torch-Prefix.pch */ = {isa = PBXFileReference; lastKnownFileType = sourcecode.c.h; path = "Morse Torch-Prefix.pch"; sourceTree = "<group>"; };
		EF04D1CF187E0B4C000C1D68 /* MTAppDelegate.h */ = {isa = PBXFileReference; lastKnownFileType = sourcecode.c.h; path = MTAppDelegate.h; sourceTree = "<group>"; };
		EF04D1D0187E0B4C000C1D68 /* MTAppDelegate.m */ = {isa = PBXFileReference; lastKnownFileType = sourcecode.c.objc; path = MTAppDelegate.m; sourceTree = "<group>"; };
		EF04D1D3187E0B4C000C1D68 /* Base */ = {isa = PBXFileReference; lastKnownFileType = file.storyboard; name = Base; path = Base.lproj/Main.storyboard; sourceTree = "<group>"; };
		EF04D1D5187E0B4C000C1D68 /* MTViewController.h */ = {isa = PBXFileReference; lastKnownFileType = sourcecode.c.h; path = MTViewController.h; sourceTree = "<group>"; };
		EF04D1D6187E0B4C000C1D68 /* MTViewController.m */ = {isa = PBXFileReference; lastKnownFileType = sourcecode.c.objc; path = MTViewController.m; sourceTree = "<group>"; };
		EF04D1D8187E0B4C000C1D68 /* Images.xcassets */ = {isa = PBXFileReference; lastKnownFileType = folder.assetcatalog; path = Images.xcassets; sourceTree = "<group>"; };
		EF04D1DE187E0B4C000C1D68 /* Morse TorchTests.xctest */ = {isa = PBXFileReference; explicitFileType = wrapper.cfbundle; includeInIndex = 0; path = "Morse TorchTests.xctest"; sourceTree = BUILT_PRODUCTS_DIR; };
		EF04D1DF187E0B4C000C1D68 /* XCTest.framework */ = {isa = PBXFileReference; lastKnownFileType = wrapper.framework; name = XCTest.framework; path = Library/Frameworks/XCTest.framework; sourceTree = DEVELOPER_DIR; };
		EF04D1E7187E0B4C000C1D68 /* Morse TorchTests-Info.plist */ = {isa = PBXFileReference; lastKnownFileType = text.plist.xml; path = "Morse TorchTests-Info.plist"; sourceTree = "<group>"; };
		EF04D1E9187E0B4C000C1D68 /* en */ = {isa = PBXFileReference; lastKnownFileType = text.plist.strings; name = en; path = en.lproj/InfoPlist.strings; sourceTree = "<group>"; };
		EF04D1EB187E0B4C000C1D68 /* Morse_TorchTests.m */ = {isa = PBXFileReference; lastKnownFileType = sourcecode.c.objc; path = Morse_TorchTests.m; sourceTree = "<group>"; };
		EF04D1F5187E0CCB000C1D68 /* NSString+MorseCode.h */ = {isa = PBXFileReference; fileEncoding = 4; lastKnownFileType = sourcecode.c.h; path = "NSString+MorseCode.h"; sourceTree = "<group>"; };
		EF04D1F6187E0CCB000C1D68 /* NSString+MorseCode.m */ = {isa = PBXFileReference; fileEncoding = 4; lastKnownFileType = sourcecode.c.objc; path = "NSString+MorseCode.m"; sourceTree = "<group>"; };
		EF04D1F8187E172C000C1D68 /* MTTorchController.h */ = {isa = PBXFileReference; fileEncoding = 4; lastKnownFileType = sourcecode.c.h; path = MTTorchController.h; sourceTree = "<group>"; };
		EF04D1F9187E172C000C1D68 /* MTTorchController.m */ = {isa = PBXFileReference; fileEncoding = 4; lastKnownFileType = sourcecode.c.objc; path = MTTorchController.m; sourceTree = "<group>"; };
		EF04D1FB187E1735000C1D68 /* AVFoundation.framework */ = {isa = PBXFileReference; lastKnownFileType = wrapper.framework; name = AVFoundation.framework; path = System/Library/Frameworks/AVFoundation.framework; sourceTree = SDKROOT; };
/* End PBXFileReference section */

/* Begin PBXFrameworksBuildPhase section */
		EF04D1BA187E0B4B000C1D68 /* Frameworks */ = {
			isa = PBXFrameworksBuildPhase;
			buildActionMask = 2147483647;
			files = (
				EF04D1FC187E1735000C1D68 /* AVFoundation.framework in Frameworks */,
				EF04D1C3187E0B4C000C1D68 /* CoreGraphics.framework in Frameworks */,
				EF04D1C5187E0B4C000C1D68 /* UIKit.framework in Frameworks */,
				EF04D1C1187E0B4C000C1D68 /* Foundation.framework in Frameworks */,
			);
			runOnlyForDeploymentPostprocessing = 0;
		};
		EF04D1DB187E0B4C000C1D68 /* Frameworks */ = {
			isa = PBXFrameworksBuildPhase;
			buildActionMask = 2147483647;
			files = (
				EF04D1E0187E0B4C000C1D68 /* XCTest.framework in Frameworks */,
				EF04D1E2187E0B4C000C1D68 /* UIKit.framework in Frameworks */,
				EF04D1E1187E0B4C000C1D68 /* Foundation.framework in Frameworks */,
			);
			runOnlyForDeploymentPostprocessing = 0;
		};
/* End PBXFrameworksBuildPhase section */

/* Begin PBXGroup section */
		EF04D1B4187E0B4B000C1D68 = {
			isa = PBXGroup;
			children = (
				EF04D1C6187E0B4C000C1D68 /* Morse Torch */,
				EF04D1E5187E0B4C000C1D68 /* Morse TorchTests */,
				EF04D1BF187E0B4C000C1D68 /* Frameworks */,
				EF04D1BE187E0B4C000C1D68 /* Products */,
			);
			sourceTree = "<group>";
		};
		EF04D1BE187E0B4C000C1D68 /* Products */ = {
			isa = PBXGroup;
			children = (
				EF04D1BD187E0B4C000C1D68 /* Morse Torch.app */,
				EF04D1DE187E0B4C000C1D68 /* Morse TorchTests.xctest */,
			);
			name = Products;
			sourceTree = "<group>";
		};
		EF04D1BF187E0B4C000C1D68 /* Frameworks */ = {
			isa = PBXGroup;
			children = (
				EF04D1FB187E1735000C1D68 /* AVFoundation.framework */,
				EF04D1C0187E0B4C000C1D68 /* Foundation.framework */,
				EF04D1C2187E0B4C000C1D68 /* CoreGraphics.framework */,
				EF04D1C4187E0B4C000C1D68 /* UIKit.framework */,
				EF04D1DF187E0B4C000C1D68 /* XCTest.framework */,
			);
			name = Frameworks;
			sourceTree = "<group>";
		};
		EF04D1C6187E0B4C000C1D68 /* Morse Torch */ = {
			isa = PBXGroup;
			children = (
				EF04D1CF187E0B4C000C1D68 /* MTAppDelegate.h */,
				EF04D1D0187E0B4C000C1D68 /* MTAppDelegate.m */,
				EF04D1D2187E0B4C000C1D68 /* Main.storyboard */,
				EF04D1D5187E0B4C000C1D68 /* MTViewController.h */,
				EF04D1D6187E0B4C000C1D68 /* MTViewController.m */,
				EF04D1D8187E0B4C000C1D68 /* Images.xcassets */,
				EF04D1C7187E0B4C000C1D68 /* Supporting Files */,
				EF04D1F5187E0CCB000C1D68 /* NSString+MorseCode.h */,
				EF04D1F6187E0CCB000C1D68 /* NSString+MorseCode.m */,
				EF04D1F8187E172C000C1D68 /* MTTorchController.h */,
				EF04D1F9187E172C000C1D68 /* MTTorchController.m */,
			);
			path = "Morse Torch";
			sourceTree = "<group>";
		};
		EF04D1C7187E0B4C000C1D68 /* Supporting Files */ = {
			isa = PBXGroup;
			children = (
				EF04D1C8187E0B4C000C1D68 /* Morse Torch-Info.plist */,
				EF04D1C9187E0B4C000C1D68 /* InfoPlist.strings */,
				EF04D1CC187E0B4C000C1D68 /* main.m */,
				EF04D1CE187E0B4C000C1D68 /* Morse Torch-Prefix.pch */,
			);
			name = "Supporting Files";
			sourceTree = "<group>";
		};
		EF04D1E5187E0B4C000C1D68 /* Morse TorchTests */ = {
			isa = PBXGroup;
			children = (
				EF04D1EB187E0B4C000C1D68 /* Morse_TorchTests.m */,
				EF04D1E6187E0B4C000C1D68 /* Supporting Files */,
			);
			path = "Morse TorchTests";
			sourceTree = "<group>";
		};
		EF04D1E6187E0B4C000C1D68 /* Supporting Files */ = {
			isa = PBXGroup;
			children = (
				EF04D1E7187E0B4C000C1D68 /* Morse TorchTests-Info.plist */,
				EF04D1E8187E0B4C000C1D68 /* InfoPlist.strings */,
			);
			name = "Supporting Files";
			sourceTree = "<group>";
		};
/* End PBXGroup section */

/* Begin PBXNativeTarget section */
		EF04D1BC187E0B4B000C1D68 /* Morse Torch */ = {
			isa = PBXNativeTarget;
			buildConfigurationList = EF04D1EF187E0B4C000C1D68 /* Build configuration list for PBXNativeTarget "Morse Torch" */;
			buildPhases = (
				EF04D1B9187E0B4B000C1D68 /* Sources */,
				EF04D1BA187E0B4B000C1D68 /* Frameworks */,
				EF04D1BB187E0B4B000C1D68 /* Resources */,
			);
			buildRules = (
			);
			dependencies = (
			);
			name = "Morse Torch";
			productName = "Morse Torch";
			productReference = EF04D1BD187E0B4C000C1D68 /* Morse Torch.app */;
			productType = "com.apple.product-type.application";
		};
		EF04D1DD187E0B4C000C1D68 /* Morse TorchTests */ = {
			isa = PBXNativeTarget;
			buildConfigurationList = EF04D1F2187E0B4C000C1D68 /* Build configuration list for PBXNativeTarget "Morse TorchTests" */;
			buildPhases = (
				EF04D1DA187E0B4C000C1D68 /* Sources */,
				EF04D1DB187E0B4C000C1D68 /* Frameworks */,
				EF04D1DC187E0B4C000C1D68 /* Resources */,
			);
			buildRules = (
			);
			dependencies = (
				EF04D1E4187E0B4C000C1D68 /* PBXTargetDependency */,
			);
			name = "Morse TorchTests";
			productName = "Morse TorchTests";
			productReference = EF04D1DE187E0B4C000C1D68 /* Morse TorchTests.xctest */;
			productType = "com.apple.product-type.bundle.unit-test";
		};
/* End PBXNativeTarget section */

/* Begin PBXProject section */
		EF04D1B5187E0B4B000C1D68 /* Project object */ = {
			isa = PBXProject;
			attributes = {
				CLASSPREFIX = MT;
				LastUpgradeCheck = 0500;
				ORGANIZATIONNAME = "Code Fellows";
				TargetAttributes = {
					EF04D1DD187E0B4C000C1D68 = {
						TestTargetID = EF04D1BC187E0B4B000C1D68;
					};
				};
			};
			buildConfigurationList = EF04D1B8187E0B4B000C1D68 /* Build configuration list for PBXProject "Morse Torch" */;
			compatibilityVersion = "Xcode 3.2";
			developmentRegion = English;
			hasScannedForEncodings = 0;
			knownRegions = (
				en,
				Base,
			);
			mainGroup = EF04D1B4187E0B4B000C1D68;
			productRefGroup = EF04D1BE187E0B4C000C1D68 /* Products */;
			projectDirPath = "";
			projectRoot = "";
			targets = (
				EF04D1BC187E0B4B000C1D68 /* Morse Torch */,
				EF04D1DD187E0B4C000C1D68 /* Morse TorchTests */,
			);
		};
/* End PBXProject section */

/* Begin PBXResourcesBuildPhase section */
		EF04D1BB187E0B4B000C1D68 /* Resources */ = {
			isa = PBXResourcesBuildPhase;
			buildActionMask = 2147483647;
			files = (
				EF04D1D9187E0B4C000C1D68 /* Images.xcassets in Resources */,
				EF04D1CB187E0B4C000C1D68 /* InfoPlist.strings in Resources */,
				EF04D1D4187E0B4C000C1D68 /* Main.storyboard in Resources */,
			);
			runOnlyForDeploymentPostprocessing = 0;
		};
		EF04D1DC187E0B4C000C1D68 /* Resources */ = {
			isa = PBXResourcesBuildPhase;
			buildActionMask = 2147483647;
			files = (
				EF04D1EA187E0B4C000C1D68 /* InfoPlist.strings in Resources */,
			);
			runOnlyForDeploymentPostprocessing = 0;
		};
/* End PBXResourcesBuildPhase section */

/* Begin PBXSourcesBuildPhase section */
		EF04D1B9187E0B4B000C1D68 /* Sources */ = {
			isa = PBXSourcesBuildPhase;
			buildActionMask = 2147483647;
			files = (
				EF04D1CD187E0B4C000C1D68 /* main.m in Sources */,
				EF04D1D7187E0B4C000C1D68 /* MTViewController.m in Sources */,
				EF04D1FA187E172C000C1D68 /* MTTorchController.m in Sources */,
				EF04D1D1187E0B4C000C1D68 /* MTAppDelegate.m in Sources */,
				EF04D1F7187E0CCB000C1D68 /* NSString+MorseCode.m in Sources */,
			);
			runOnlyForDeploymentPostprocessing = 0;
		};
		EF04D1DA187E0B4C000C1D68 /* Sources */ = {
			isa = PBXSourcesBuildPhase;
			buildActionMask = 2147483647;
			files = (
				EF04D1EC187E0B4C000C1D68 /* Morse_TorchTests.m in Sources */,
			);
			runOnlyForDeploymentPostprocessing = 0;
		};
/* End PBXSourcesBuildPhase section */

/* Begin PBXTargetDependency section */
		EF04D1E4187E0B4C000C1D68 /* PBXTargetDependency */ = {
			isa = PBXTargetDependency;
			target = EF04D1BC187E0B4B000C1D68 /* Morse Torch */;
			targetProxy = EF04D1E3187E0B4C000C1D68 /* PBXContainerItemProxy */;
		};
/* End PBXTargetDependency section */

/* Begin PBXVariantGroup section */
		EF04D1C9187E0B4C000C1D68 /* InfoPlist.strings */ = {
			isa = PBXVariantGroup;
			children = (
				EF04D1CA187E0B4C000C1D68 /* en */,
			);
			name = InfoPlist.strings;
			sourceTree = "<group>";
		};
		EF04D1D2187E0B4C000C1D68 /* Main.storyboard */ = {
			isa = PBXVariantGroup;
			children = (
				EF04D1D3187E0B4C000C1D68 /* Base */,
			);
			name = Main.storyboard;
			sourceTree = "<group>";
		};
		EF04D1E8187E0B4C000C1D68 /* InfoPlist.strings */ = {
			isa = PBXVariantGroup;
			children = (
				EF04D1E9187E0B4C000C1D68 /* en */,
			);
			name = InfoPlist.strings;
			sourceTree = "<group>";
		};
/* End PBXVariantGroup section */

/* Begin XCBuildConfiguration section */
		EF04D1ED187E0B4C000C1D68 /* Debug */ = {
			isa = XCBuildConfiguration;
			buildSettings = {
				ALWAYS_SEARCH_USER_PATHS = NO;
				ARCHS = "$(ARCHS_STANDARD_INCLUDING_64_BIT)";
				CLANG_CXX_LANGUAGE_STANDARD = "gnu++0x";
				CLANG_CXX_LIBRARY = "libc++";
				CLANG_ENABLE_MODULES = YES;
				CLANG_ENABLE_OBJC_ARC = YES;
				CLANG_WARN_BOOL_CONVERSION = YES;
				CLANG_WARN_CONSTANT_CONVERSION = YES;
				CLANG_WARN_DIRECT_OBJC_ISA_USAGE = YES_ERROR;
				CLANG_WARN_EMPTY_BODY = YES;
				CLANG_WARN_ENUM_CONVERSION = YES;
				CLANG_WARN_INT_CONVERSION = YES;
				CLANG_WARN_OBJC_ROOT_CLASS = YES_ERROR;
				CLANG_WARN__DUPLICATE_METHOD_MATCH = YES;
				"CODE_SIGN_IDENTITY[sdk=iphoneos*]" = "iPhone Developer";
				COPY_PHASE_STRIP = NO;
				GCC_C_LANGUAGE_STANDARD = gnu99;
				GCC_DYNAMIC_NO_PIC = NO;
				GCC_OPTIMIZATION_LEVEL = 0;
				GCC_PREPROCESSOR_DEFINITIONS = (
					"DEBUG=1",
					"$(inherited)",
				);
				GCC_SYMBOLS_PRIVATE_EXTERN = NO;
				GCC_WARN_64_TO_32_BIT_CONVERSION = YES;
				GCC_WARN_ABOUT_RETURN_TYPE = YES_ERROR;
				GCC_WARN_UNDECLARED_SELECTOR = YES;
				GCC_WARN_UNINITIALIZED_AUTOS = YES;
				GCC_WARN_UNUSED_FUNCTION = YES;
				GCC_WARN_UNUSED_VARIABLE = YES;
				IPHONEOS_DEPLOYMENT_TARGET = 7.0;
				ONLY_ACTIVE_ARCH = YES;
				SDKROOT = iphoneos;
			};
			name = Debug;
		};
		EF04D1EE187E0B4C000C1D68 /* Release */ = {
			isa = XCBuildConfiguration;
			buildSettings = {
				ALWAYS_SEARCH_USER_PATHS = NO;
				ARCHS = "$(ARCHS_STANDARD_INCLUDING_64_BIT)";
				CLANG_CXX_LANGUAGE_STANDARD = "gnu++0x";
				CLANG_CXX_LIBRARY = "libc++";
				CLANG_ENABLE_MODULES = YES;
				CLANG_ENABLE_OBJC_ARC = YES;
				CLANG_WARN_BOOL_CONVERSION = YES;
				CLANG_WARN_CONSTANT_CONVERSION = YES;
				CLANG_WARN_DIRECT_OBJC_ISA_USAGE = YES_ERROR;
				CLANG_WARN_EMPTY_BODY = YES;
				CLANG_WARN_ENUM_CONVERSION = YES;
				CLANG_WARN_INT_CONVERSION = YES;
				CLANG_WARN_OBJC_ROOT_CLASS = YES_ERROR;
				CLANG_WARN__DUPLICATE_METHOD_MATCH = YES;
				"CODE_SIGN_IDENTITY[sdk=iphoneos*]" = "iPhone Developer";
				COPY_PHASE_STRIP = YES;
				ENABLE_NS_ASSERTIONS = NO;
				GCC_C_LANGUAGE_STANDARD = gnu99;
				GCC_WARN_64_TO_32_BIT_CONVERSION = YES;
				GCC_WARN_ABOUT_RETURN_TYPE = YES_ERROR;
				GCC_WARN_UNDECLARED_SELECTOR = YES;
				GCC_WARN_UNINITIALIZED_AUTOS = YES;
				GCC_WARN_UNUSED_FUNCTION = YES;
				GCC_WARN_UNUSED_VARIABLE = YES;
				IPHONEOS_DEPLOYMENT_TARGET = 7.0;
				SDKROOT = iphoneos;
				VALIDATE_PRODUCT = YES;
			};
			name = Release;
		};
		EF04D1F0187E0B4C000C1D68 /* Debug */ = {
			isa = XCBuildConfiguration;
			buildSettings = {
				ASSETCATALOG_COMPILER_APPICON_NAME = AppIcon;
				ASSETCATALOG_COMPILER_LAUNCHIMAGE_NAME = LaunchImage;
				GCC_PRECOMPILE_PREFIX_HEADER = YES;
				GCC_PREFIX_HEADER = "Morse Torch/Morse Torch-Prefix.pch";
				INFOPLIST_FILE = "Morse Torch/Morse Torch-Info.plist";
				PRODUCT_NAME = "$(TARGET_NAME)";
				WRAPPER_EXTENSION = app;
			};
			name = Debug;
		};
		EF04D1F1187E0B4C000C1D68 /* Release */ = {
			isa = XCBuildConfiguration;
			buildSettings = {
				ASSETCATALOG_COMPILER_APPICON_NAME = AppIcon;
				ASSETCATALOG_COMPILER_LAUNCHIMAGE_NAME = LaunchImage;
				GCC_PRECOMPILE_PREFIX_HEADER = YES;
				GCC_PREFIX_HEADER = "Morse Torch/Morse Torch-Prefix.pch";
				INFOPLIST_FILE = "Morse Torch/Morse Torch-Info.plist";
				PRODUCT_NAME = "$(TARGET_NAME)";
				WRAPPER_EXTENSION = app;
			};
			name = Release;
		};
		EF04D1F3187E0B4C000C1D68 /* Debug */ = {
			isa = XCBuildConfiguration;
			buildSettings = {
				ARCHS = "$(ARCHS_STANDARD_INCLUDING_64_BIT)";
				BUNDLE_LOADER = "$(BUILT_PRODUCTS_DIR)/Morse Torch.app/Morse Torch";
				FRAMEWORK_SEARCH_PATHS = (
					"$(SDKROOT)/Developer/Library/Frameworks",
					"$(inherited)",
					"$(DEVELOPER_FRAMEWORKS_DIR)",
				);
				GCC_PRECOMPILE_PREFIX_HEADER = YES;
				GCC_PREFIX_HEADER = "Morse Torch/Morse Torch-Prefix.pch";
				GCC_PREPROCESSOR_DEFINITIONS = (
					"DEBUG=1",
					"$(inherited)",
				);
				INFOPLIST_FILE = "Morse TorchTests/Morse TorchTests-Info.plist";
				PRODUCT_NAME = "$(TARGET_NAME)";
				TEST_HOST = "$(BUNDLE_LOADER)";
				WRAPPER_EXTENSION = xctest;
			};
			name = Debug;
		};
		EF04D1F4187E0B4C000C1D68 /* Release */ = {
			isa = XCBuildConfiguration;
			buildSettings = {
				ARCHS = "$(ARCHS_STANDARD_INCLUDING_64_BIT)";
				BUNDLE_LOADER = "$(BUILT_PRODUCTS_DIR)/Morse Torch.app/Morse Torch";
				FRAMEWORK_SEARCH_PATHS = (
					"$(SDKROOT)/Developer/Library/Frameworks",
					"$(inherited)",
					"$(DEVELOPER_FRAMEWORKS_DIR)",
				);
				GCC_PRECOMPILE_PREFIX_HEADER = YES;
				GCC_PREFIX_HEADER = "Morse Torch/Morse Torch-Prefix.pch";
				INFOPLIST_FILE = "Morse TorchTests/Morse TorchTests-Info.plist";
				PRODUCT_NAME = "$(TARGET_NAME)";
				TEST_HOST = "$(BUNDLE_LOADER)";
				WRAPPER_EXTENSION = xctest;
			};
			name = Release;
		};
/* End XCBuildConfiguration section */

/* Begin XCConfigurationList section */
		EF04D1B8187E0B4B000C1D68 /* Build configuration list for PBXProject "Morse Torch" */ = {
			isa = XCConfigurationList;
			buildConfigurations = (
				EF04D1ED187E0B4C000C1D68 /* Debug */,
				EF04D1EE187E0B4C000C1D68 /* Release */,
			);
			defaultConfigurationIsVisible = 0;
			defaultConfigurationName = Release;
		};
		EF04D1EF187E0B4C000C1D68 /* Build configuration list for PBXNativeTarget "Morse Torch" */ = {
			isa = XCConfigurationList;
			buildConfigurations = (
				EF04D1F0187E0B4C000C1D68 /* Debug */,
				EF04D1F1187E0B4C000C1D68 /* Release */,
			);
			defaultConfigurationIsVisible = 0;
		};
		EF04D1F2187E0B4C000C1D68 /* Build configuration list for PBXNativeTarget "Morse TorchTests" */ = {
			isa = XCConfigurationList;
			buildConfigurations = (
				EF04D1F3187E0B4C000C1D68 /* Debug */,
				EF04D1F4187E0B4C000C1D68 /* Release */,
			);
			defaultConfigurationIsVisible = 0;
		};
/* End XCConfigurationList section */
	};
	rootObject = EF04D1B5187E0B4B000C1D68 /* Project object */;
}
